// !$*UTF8*$!
{
	archiveVersion = 1;
	classes = {
	};
	objectVersion = 77;
	objects = {

/* Begin PBXBuildFile section */
		00B1D64C28D299AF8CBBD35A /* RootView.swift in Sources */ = {isa = PBXBuildFile; fileRef = 920B71B578D7A35DAE2C3E79 /* RootView.swift */; };
		02427A13DB06701CE062ACD1 /* MonoBankerApp.swift in Sources */ = {isa = PBXBuildFile; fileRef = BEA1FF8965CFECC9F01E4864 /* MonoBankerApp.swift */; };
		149590FFB6D30C358DFE14C6 /* PlayerColor.swift in Sources */ = {isa = PBXBuildFile; fileRef = 096CB650138388D26DB90948 /* PlayerColor.swift */; };
		19C4546DA0F9D03DEC4145FC /* MenuSheet.swift in Sources */ = {isa = PBXBuildFile; fileRef = 0929F81BF6A43076A77E099C /* MenuSheet.swift */; };
		20412CFB6273A9C0D2EAEE1F /* GameSession.swift in Sources */ = {isa = PBXBuildFile; fileRef = 9587E3C5C11071A731CCC11A /* GameSession.swift */; };
		26BCAD1FD43A724207466FC5 /* Assets.xcassets in Resources */ = {isa = PBXBuildFile; fileRef = 16047B626B70CD21E2EC92CA /* Assets.xcassets */; };
		28ACAAF7206E1C2C18BBB60C /* MonoBanker.storekit in Resources */ = {isa = PBXBuildFile; fileRef = 99017B138333D0881ED9208A /* MonoBanker.storekit */; };
		301DD53977433A928D046C8E /* LaunchView.swift in Sources */ = {isa = PBXBuildFile; fileRef = 7C3904C00357667232FAAF39 /* LaunchView.swift */; };
		37172B3B2D839437D8141B5C /* AppSettings.swift in Sources */ = {isa = PBXBuildFile; fileRef = 84F284B1CA11627B269EDDC5 /* AppSettings.swift */; };
		386BB64435EA2E705E4D5D2A /* HistoryStrip.swift in Sources */ = {isa = PBXBuildFile; fileRef = 0B90AB191F84C74E65271D05 /* HistoryStrip.swift */; };
		40740AC78F1DD99821FC7D57 /* HistorySheet.swift in Sources */ = {isa = PBXBuildFile; fileRef = 8FB77774C281430DBB6A6570 /* HistorySheet.swift */; };
		42BAE1E6C8D5825CAAB2F1C6 /* HapticManager.swift in Sources */ = {isa = PBXBuildFile; fileRef = 0C7938F35E78EAD7ED0831BA /* HapticManager.swift */; };
		4599C1F3DD279004B2977CE8 /* ParticipantCard.swift in Sources */ = {isa = PBXBuildFile; fileRef = AB57169CB0ABE677211B2AD8 /* ParticipantCard.swift */; };
		56B2C3C734B7AAF4E0111BDF /* SupportDevelopmentView.swift in Sources */ = {isa = PBXBuildFile; fileRef = 42AEC6AFB2228E24BD2B0EEF /* SupportDevelopmentView.swift */; };
		5AA22B7ABAE33A3A7325726B /* Card.swift in Sources */ = {isa = PBXBuildFile; fileRef = DD17EE7A50D30A33114AEBC0 /* Card.swift */; };
		5D15773E9D0B8BE9973B3299 /* BrandColors.swift in Sources */ = {isa = PBXBuildFile; fileRef = B3F73BD5980606ED04A12E0C /* BrandColors.swift */; };
		5E027F5E2E2649B9CFA7CF8E /* Transaction.swift in Sources */ = {isa = PBXBuildFile; fileRef = 5133719FC115207BCC75E4DC /* Transaction.swift */; };
		6F3CE6D64B809D53141FD861 /* ButtonStyles.swift in Sources */ = {isa = PBXBuildFile; fileRef = 23B17866C710667B6FAC8004 /* ButtonStyles.swift */; };
		77E04C17DDD8E04DE151C64C /* AddPlayerSheet.swift in Sources */ = {isa = PBXBuildFile; fileRef = 0D640431F6BB53E66EF44F48 /* AddPlayerSheet.swift */; };
		876FF00B4B01946DFD42FE40 /* SettingsView.swift in Sources */ = {isa = PBXBuildFile; fileRef = 151F54EB8C1912BDD45586D4 /* SettingsView.swift */; };
		8E5A476787BB3457DA3698EC /* AppState.swift in Sources */ = {isa = PBXBuildFile; fileRef = 3604B53B1EE772071170C97F /* AppState.swift */; };
		95B3979F2841B374C75FC5A4 /* Player.swift in Sources */ = {isa = PBXBuildFile; fileRef = 543FD04BC7C96F28ADE3C4F9 /* Player.swift */; };
		A2BA50070B8E90A7DDCAC891 /* Participant.swift in Sources */ = {isa = PBXBuildFile; fileRef = 83D6ADBE273E0FD71E9CE6A4 /* Participant.swift */; };
		A3F70D8DB086589801D7609E /* TipJarStore.swift in Sources */ = {isa = PBXBuildFile; fileRef = B70B6363D692A170BA4549D1 /* TipJarStore.swift */; };
		A448653E5EC3AAE1ED4FE1EC /* SessionPersistence.swift in Sources */ = {isa = PBXBuildFile; fileRef = 39A803AAF6F0D46B90617386 /* SessionPersistence.swift */; };
		B46BE55F34BD4E2A2386F03F /* IconContainer.swift in Sources */ = {isa = PBXBuildFile; fileRef = 645C4DB5D7308907ED0611B7 /* IconContainer.swift */; };
		D00D6F6D3B5109BC6919EAF1 /* SetupView.swift in Sources */ = {isa = PBXBuildFile; fileRef = ECBE32C7952B7DADEEA37918 /* SetupView.swift */; };
		D4C760CB71DC6368AF9D5A32 /* GameView.swift in Sources */ = {isa = PBXBuildFile; fileRef = 3B321D4BD6809FD12BCD4CC4 /* GameView.swift */; };
		EEC89EB7A5E5187F000B0A13 /* DesignSystem.swift in Sources */ = {isa = PBXBuildFile; fileRef = D47471A3FBA1B8D73217BD77 /* DesignSystem.swift */; };
		F00223F12CEC73DDCE9A69E9 /* TransactionOverlay.swift in Sources */ = {isa = PBXBuildFile; fileRef = E5FF122D720A7321A2732BAC /* TransactionOverlay.swift */; };
		F04994D6FD70781DEB136BF3 /* Numpad.swift in Sources */ = {isa = PBXBuildFile; fileRef = E724DD71536FCED756F3E606 /* Numpad.swift */; };
/* End PBXBuildFile section */

/* Begin PBXFileReference section */
		0929F81BF6A43076A77E099C /* MenuSheet.swift */ = {isa = PBXFileReference; lastKnownFileType = sourcecode.swift; path = MenuSheet.swift; sourceTree = "<group>"; };
		096CB650138388D26DB90948 /* PlayerColor.swift */ = {isa = PBXFileReference; lastKnownFileType = sourcecode.swift; path = PlayerColor.swift; sourceTree = "<group>"; };
		0B5E588687E7BEDC45B4FE03 /* MonoBanker.app */ = {isa = PBXFileReference; explicitFileType = wrapper.application; includeInIndex = 0; path = MonoBanker.app; sourceTree = BUILT_PRODUCTS_DIR; };
		0B90AB191F84C74E65271D05 /* HistoryStrip.swift */ = {isa = PBXFileReference; lastKnownFileType = sourcecode.swift; path = HistoryStrip.swift; sourceTree = "<group>"; };
		0C7938F35E78EAD7ED0831BA /* HapticManager.swift */ = {isa = PBXFileReference; lastKnownFileType = sourcecode.swift; path = HapticManager.swift; sourceTree = "<group>"; };
		0D640431F6BB53E66EF44F48 /* AddPlayerSheet.swift */ = {isa = PBXFileReference; lastKnownFileType = sourcecode.swift; path = AddPlayerSheet.swift; sourceTree = "<group>"; };
		151F54EB8C1912BDD45586D4 /* SettingsView.swift */ = {isa = PBXFileReference; lastKnownFileType = sourcecode.swift; path = SettingsView.swift; sourceTree = "<group>"; };
		16047B626B70CD21E2EC92CA /* Assets.xcassets */ = {isa = PBXFileReference; lastKnownFileType = folder.assetcatalog; path = Assets.xcassets; sourceTree = "<group>"; };
		23B17866C710667B6FAC8004 /* ButtonStyles.swift */ = {isa = PBXFileReference; lastKnownFileType = sourcecode.swift; path = ButtonStyles.swift; sourceTree = "<group>"; };
		3604B53B1EE772071170C97F /* AppState.swift */ = {isa = PBXFileReference; lastKnownFileType = sourcecode.swift; path = AppState.swift; sourceTree = "<group>"; };
		39A803AAF6F0D46B90617386 /* SessionPersistence.swift */ = {isa = PBXFileReference; lastKnownFileType = sourcecode.swift; path = SessionPersistence.swift; sourceTree = "<group>"; };
		3B321D4BD6809FD12BCD4CC4 /* GameView.swift */ = {isa = PBXFileReference; lastKnownFileType = sourcecode.swift; path = GameView.swift; sourceTree = "<group>"; };
		42AEC6AFB2228E24BD2B0EEF /* SupportDevelopmentView.swift */ = {isa = PBXFileReference; lastKnownFileType = sourcecode.swift; path = SupportDevelopmentView.swift; sourceTree = "<group>"; };
		5133719FC115207BCC75E4DC /* Transaction.swift */ = {isa = PBXFileReference; lastKnownFileType = sourcecode.swift; path = Transaction.swift; sourceTree = "<group>"; };
		543FD04BC7C96F28ADE3C4F9 /* Player.swift */ = {isa = PBXFileReference; lastKnownFileType = sourcecode.swift; path = Player.swift; sourceTree = "<group>"; };
		645C4DB5D7308907ED0611B7 /* IconContainer.swift */ = {isa = PBXFileReference; lastKnownFileType = sourcecode.swift; path = IconContainer.swift; sourceTree = "<group>"; };
		7C3904C00357667232FAAF39 /* LaunchView.swift */ = {isa = PBXFileReference; lastKnownFileType = sourcecode.swift; path = LaunchView.swift; sourceTree = "<group>"; };
		8191034A5BBE8C8D945CA8A6 /* Info.plist */ = {isa = PBXFileReference; lastKnownFileType = text.plist; path = Info.plist; sourceTree = "<group>"; };
		83D6ADBE273E0FD71E9CE6A4 /* Participant.swift */ = {isa = PBXFileReference; lastKnownFileType = sourcecode.swift; path = Participant.swift; sourceTree = "<group>"; };
		84F284B1CA11627B269EDDC5 /* AppSettings.swift */ = {isa = PBXFileReference; lastKnownFileType = sourcecode.swift; path = AppSettings.swift; sourceTree = "<group>"; };
		8FB77774C281430DBB6A6570 /* HistorySheet.swift */ = {isa = PBXFileReference; lastKnownFileType = sourcecode.swift; path = HistorySheet.swift; sourceTree = "<group>"; };
		920B71B578D7A35DAE2C3E79 /* RootView.swift */ = {isa = PBXFileReference; lastKnownFileType = sourcecode.swift; path = RootView.swift; sourceTree = "<group>"; };
		9587E3C5C11071A731CCC11A /* GameSession.swift */ = {isa = PBXFileReference; lastKnownFileType = sourcecode.swift; path = GameSession.swift; sourceTree = "<group>"; };
		99017B138333D0881ED9208A /* MonoBanker.storekit */ = {isa = PBXFileReference; lastKnownFileType = text; path = MonoBanker.storekit; sourceTree = "<group>"; };
		AB57169CB0ABE677211B2AD8 /* ParticipantCard.swift */ = {isa = PBXFileReference; lastKnownFileType = sourcecode.swift; path = ParticipantCard.swift; sourceTree = "<group>"; };
		B3F73BD5980606ED04A12E0C /* BrandColors.swift */ = {isa = PBXFileReference; lastKnownFileType = sourcecode.swift; path = BrandColors.swift; sourceTree = "<group>"; };
		B70B6363D692A170BA4549D1 /* TipJarStore.swift */ = {isa = PBXFileReference; lastKnownFileType = sourcecode.swift; path = TipJarStore.swift; sourceTree = "<group>"; };
		BEA1FF8965CFECC9F01E4864 /* MonoBankerApp.swift */ = {isa = PBXFileReference; lastKnownFileType = sourcecode.swift; path = MonoBankerApp.swift; sourceTree = "<group>"; };
		D47471A3FBA1B8D73217BD77 /* DesignSystem.swift */ = {isa = PBXFileReference; lastKnownFileType = sourcecode.swift; path = DesignSystem.swift; sourceTree = "<group>"; };
		DD17EE7A50D30A33114AEBC0 /* Card.swift */ = {isa = PBXFileReference; lastKnownFileType = sourcecode.swift; path = Card.swift; sourceTree = "<group>"; };
		E5FF122D720A7321A2732BAC /* TransactionOverlay.swift */ = {isa = PBXFileReference; lastKnownFileType = sourcecode.swift; path = TransactionOverlay.swift; sourceTree = "<group>"; };
		E724DD71536FCED756F3E606 /* Numpad.swift */ = {isa = PBXFileReference; lastKnownFileType = sourcecode.swift; path = Numpad.swift; sourceTree = "<group>"; };
		ECBE32C7952B7DADEEA37918 /* SetupView.swift */ = {isa = PBXFileReference; lastKnownFileType = sourcecode.swift; path = SetupView.swift; sourceTree = "<group>"; };
/* End PBXFileReference section */

/* Begin PBXGroup section */
		094CEE23C68CFB70561C0B2C /* Game */ = {
			isa = PBXGroup;
			children = (
				3B321D4BD6809FD12BCD4CC4 /* GameView.swift */,
				0B90AB191F84C74E65271D05 /* HistoryStrip.swift */,
				AB57169CB0ABE677211B2AD8 /* ParticipantCard.swift */,
			);
			path = Game;
			sourceTree = "<group>";
		};
		3B1AC786AA33C055E5D2614F /* Setup */ = {
			isa = PBXGroup;
			children = (
				ECBE32C7952B7DADEEA37918 /* SetupView.swift */,
			);
			path = Setup;
			sourceTree = "<group>";
		};
		5E5E38D45B377867624C3DDF /* Transaction */ = {
			isa = PBXGroup;
			children = (
				E724DD71536FCED756F3E606 /* Numpad.swift */,
				E5FF122D720A7321A2732BAC /* TransactionOverlay.swift */,
			);
			path = Transaction;
			sourceTree = "<group>";
		};
		853832CD85510D2592696B4B /* Menu */ = {
			isa = PBXGroup;
			children = (
				0D640431F6BB53E66EF44F48 /* AddPlayerSheet.swift */,
				0929F81BF6A43076A77E099C /* MenuSheet.swift */,
			);
			path = Menu;
			sourceTree = "<group>";
		};
		A0B30F7E2ADE02F47E0FCFDC /* Design */ = {
			isa = PBXGroup;
			children = (
				B3F73BD5980606ED04A12E0C /* BrandColors.swift */,
				23B17866C710667B6FAC8004 /* ButtonStyles.swift */,
				DD17EE7A50D30A33114AEBC0 /* Card.swift */,
				D47471A3FBA1B8D73217BD77 /* DesignSystem.swift */,
				0C7938F35E78EAD7ED0831BA /* HapticManager.swift */,
				645C4DB5D7308907ED0611B7 /* IconContainer.swift */,
			);
			path = Design;
			sourceTree = "<group>";
		};
		A57E765E5CE7DAA9E4451607 /* Models */ = {
			isa = PBXGroup;
			children = (
				84F284B1CA11627B269EDDC5 /* AppSettings.swift */,
				3604B53B1EE772071170C97F /* AppState.swift */,
				9587E3C5C11071A731CCC11A /* GameSession.swift */,
				83D6ADBE273E0FD71E9CE6A4 /* Participant.swift */,
				543FD04BC7C96F28ADE3C4F9 /* Player.swift */,
				096CB650138388D26DB90948 /* PlayerColor.swift */,
				39A803AAF6F0D46B90617386 /* SessionPersistence.swift */,
				B70B6363D692A170BA4549D1 /* TipJarStore.swift */,
				5133719FC115207BCC75E4DC /* Transaction.swift */,
			);
			path = Models;
			sourceTree = "<group>";
		};
		BFE64CBEF2A9F837404C9F80 /* History */ = {
			isa = PBXGroup;
			children = (
				8FB77774C281430DBB6A6570 /* HistorySheet.swift */,
			);
			path = History;
			sourceTree = "<group>";
		};
		D3CA922A15FBC9FE1777CEEE = {
			isa = PBXGroup;
			children = (
				F5541D720FD6E644D5BB34C4 /* MonoBanker */,
				EF032EC4819AEE6C1C03D41A /* Products */,
			);
			sourceTree = "<group>";
		};
		E54CAA82C7A1D2216A4D3055 /* Settings */ = {
			isa = PBXGroup;
			children = (
				151F54EB8C1912BDD45586D4 /* SettingsView.swift */,
				42AEC6AFB2228E24BD2B0EEF /* SupportDevelopmentView.swift */,
			);
			path = Settings;
			sourceTree = "<group>";
		};
		EF032EC4819AEE6C1C03D41A /* Products */ = {
			isa = PBXGroup;
			children = (
				0B5E588687E7BEDC45B4FE03 /* MonoBanker.app */,
			);
			name = Products;
			sourceTree = "<group>";
		};
		F2118965AE48D57FA8931D83 /* Views */ = {
			isa = PBXGroup;
			children = (
				7C3904C00357667232FAAF39 /* LaunchView.swift */,
				920B71B578D7A35DAE2C3E79 /* RootView.swift */,
				094CEE23C68CFB70561C0B2C /* Game */,
				BFE64CBEF2A9F837404C9F80 /* History */,
				853832CD85510D2592696B4B /* Menu */,
				E54CAA82C7A1D2216A4D3055 /* Settings */,
				3B1AC786AA33C055E5D2614F /* Setup */,
				5E5E38D45B377867624C3DDF /* Transaction */,
			);
			path = Views;
			sourceTree = "<group>";
		};
		F5541D720FD6E644D5BB34C4 /* MonoBanker */ = {
			isa = PBXGroup;
			children = (
				16047B626B70CD21E2EC92CA /* Assets.xcassets */,
				8191034A5BBE8C8D945CA8A6 /* Info.plist */,
				99017B138333D0881ED9208A /* MonoBanker.storekit */,
				BEA1FF8965CFECC9F01E4864 /* MonoBankerApp.swift */,
				A0B30F7E2ADE02F47E0FCFDC /* Design */,
				A57E765E5CE7DAA9E4451607 /* Models */,
				F2118965AE48D57FA8931D83 /* Views */,
			);
			path = MonoBanker;
			sourceTree = "<group>";
		};
/* End PBXGroup section */

/* Begin PBXNativeTarget section */
		8E7206382F063C28041F191C /* MonoBanker */ = {
			isa = PBXNativeTarget;
			buildConfigurationList = 969A073387A8067753669FFD /* Build configuration list for PBXNativeTarget "MonoBanker" */;
			buildPhases = (
				F30685130DDCE765091B9169 /* Sources */,
				73C09F5BD6C0BD0B8386665D /* Resources */,
			);
			buildRules = (
			);
			dependencies = (
			);
			name = MonoBanker;
			packageProductDependencies = (
			);
			productName = MonoBanker;
			productReference = 0B5E588687E7BEDC45B4FE03 /* MonoBanker.app */;
			productType = "com.apple.product-type.application";
		};
/* End PBXNativeTarget section */

/* Begin PBXProject section */
		C5CB7F65B8FCC02575860EFD /* Project object */ = {
			isa = PBXProject;
			attributes = {
				BuildIndependentTargetsInParallel = YES;
				LastUpgradeCheck = 2630;
				TargetAttributes = {
					8E7206382F063C28041F191C = {
						ProvisioningStyle = Automatic;
					};
				};
			};
			buildConfigurationList = D7D4400B2D6F1D7B800924F1 /* Build configuration list for PBXProject "MonoBanker" */;
			developmentRegion = en;
			hasScannedForEncodings = 0;
			knownRegions = (
				Base,
				en,
			);
			mainGroup = D3CA922A15FBC9FE1777CEEE;
			minimizedProjectReferenceProxies = 1;
			preferredProjectObjectVersion = 77;
			productRefGroup = EF032EC4819AEE6C1C03D41A /* Products */;
			projectDirPath = "";
			projectRoot = "";
			targets = (
				8E7206382F063C28041F191C /* MonoBanker */,
			);
		};
/* End PBXProject section */

/* Begin PBXResourcesBuildPhase section */
		73C09F5BD6C0BD0B8386665D /* Resources */ = {
			isa = PBXResourcesBuildPhase;
			buildActionMask = 2147483647;
			files = (
				26BCAD1FD43A724207466FC5 /* Assets.xcassets in Resources */,
				28ACAAF7206E1C2C18BBB60C /* MonoBanker.storekit in Resources */,
			);
			runOnlyForDeploymentPostprocessing = 0;
		};
/* End PBXResourcesBuildPhase section */

/* Begin PBXSourcesBuildPhase section */
		F30685130DDCE765091B9169 /* Sources */ = {
			isa = PBXSourcesBuildPhase;
			buildActionMask = 2147483647;
			files = (
				77E04C17DDD8E04DE151C64C /* AddPlayerSheet.swift in Sources */,
				37172B3B2D839437D8141B5C /* AppSettings.swift in Sources */,
				8E5A476787BB3457DA3698EC /* AppState.swift in Sources */,
				5D15773E9D0B8BE9973B3299 /* BrandColors.swift in Sources */,
				6F3CE6D64B809D53141FD861 /* ButtonStyles.swift in Sources */,
				5AA22B7ABAE33A3A7325726B /* Card.swift in Sources */,
				EEC89EB7A5E5187F000B0A13 /* DesignSystem.swift in Sources */,
				20412CFB6273A9C0D2EAEE1F /* GameSession.swift in Sources */,
				D4C760CB71DC6368AF9D5A32 /* GameView.swift in Sources */,
				42BAE1E6C8D5825CAAB2F1C6 /* HapticManager.swift in Sources */,
				40740AC78F1DD99821FC7D57 /* HistorySheet.swift in Sources */,
				386BB64435EA2E705E4D5D2A /* HistoryStrip.swift in Sources */,
				B46BE55F34BD4E2A2386F03F /* IconContainer.swift in Sources */,
				301DD53977433A928D046C8E /* LaunchView.swift in Sources */,
				19C4546DA0F9D03DEC4145FC /* MenuSheet.swift in Sources */,
				02427A13DB06701CE062ACD1 /* MonoBankerApp.swift in Sources */,
				F04994D6FD70781DEB136BF3 /* Numpad.swift in Sources */,
				A2BA50070B8E90A7DDCAC891 /* Participant.swift in Sources */,
				4599C1F3DD279004B2977CE8 /* ParticipantCard.swift in Sources */,
				95B3979F2841B374C75FC5A4 /* Player.swift in Sources */,
				149590FFB6D30C358DFE14C6 /* PlayerColor.swift in Sources */,
				00B1D64C28D299AF8CBBD35A /* RootView.swift in Sources */,
				A448653E5EC3AAE1ED4FE1EC /* SessionPersistence.swift in Sources */,
				876FF00B4B01946DFD42FE40 /* SettingsView.swift in Sources */,
				D00D6F6D3B5109BC6919EAF1 /* SetupView.swift in Sources */,
				56B2C3C734B7AAF4E0111BDF /* SupportDevelopmentView.swift in Sources */,
				A3F70D8DB086589801D7609E /* TipJarStore.swift in Sources */,
				5E027F5E2E2649B9CFA7CF8E /* Transaction.swift in Sources */,
				F00223F12CEC73DDCE9A69E9 /* TransactionOverlay.swift in Sources */,
			);
			runOnlyForDeploymentPostprocessing = 0;
		};
/* End PBXSourcesBuildPhase section */

/* Begin XCBuildConfiguration section */
		071A045951B79507F20ABBF7 /* Debug */ = {
			isa = XCBuildConfiguration;
			buildSettings = {
				ALWAYS_SEARCH_USER_PATHS = NO;
				CLANG_ANALYZER_NONNULL = YES;
				CLANG_ANALYZER_NUMBER_OBJECT_CONVERSION = YES_AGGRESSIVE;
				CLANG_CXX_LANGUAGE_STANDARD = "gnu++14";
				CLANG_CXX_LIBRARY = "libc++";
				CLANG_ENABLE_MODULES = YES;
				CLANG_ENABLE_OBJC_ARC = YES;
				CLANG_ENABLE_OBJC_WEAK = YES;
				CLANG_WARN_BLOCK_CAPTURE_AUTORELEASING = YES;
				CLANG_WARN_BOOL_CONVERSION = YES;
				CLANG_WARN_COMMA = YES;
				CLANG_WARN_CONSTANT_CONVERSION = YES;
				CLANG_WARN_DEPRECATED_OBJC_IMPLEMENTATIONS = YES;
				CLANG_WARN_DIRECT_OBJC_ISA_USAGE = YES_ERROR;
				CLANG_WARN_DOCUMENTATION_COMMENTS = YES;
				CLANG_WARN_EMPTY_BODY = YES;
				CLANG_WARN_ENUM_CONVERSION = YES;
				CLANG_WARN_INFINITE_RECURSION = YES;
				CLANG_WARN_INT_CONVERSION = YES;
				CLANG_WARN_NON_LITERAL_NULL_CONVERSION = YES;
				CLANG_WARN_OBJC_IMPLICIT_RETAIN_SELF = YES;
				CLANG_WARN_OBJC_LITERAL_CONVERSION = YES;
				CLANG_WARN_OBJC_ROOT_CLASS = YES_ERROR;
				CLANG_WARN_QUOTED_INCLUDE_IN_FRAMEWORK_HEADER = YES;
				CLANG_WARN_RANGE_LOOP_ANALYSIS = YES;
				CLANG_WARN_STRICT_PROTOTYPES = YES;
				CLANG_WARN_SUSPICIOUS_MOVE = YES;
				CLANG_WARN_UNGUARDED_AVAILABILITY = YES_AGGRESSIVE;
				CLANG_WARN_UNREACHABLE_CODE = YES;
				CLANG_WARN__DUPLICATE_METHOD_MATCH = YES;
				COPY_PHASE_STRIP = NO;
				CURRENT_PROJECT_VERSION = 1;
				DEBUG_INFORMATION_FORMAT = dwarf;
				DEVELOPMENT_TEAM = "";
				ENABLE_PREVIEWS = YES;
				ENABLE_STRICT_OBJC_MSGSEND = YES;
				ENABLE_TESTABILITY = YES;
				ENABLE_USER_SCRIPT_SANDBOXING = YES;
				GCC_C_LANGUAGE_STANDARD = gnu11;
				GCC_DYNAMIC_NO_PIC = NO;
				GCC_NO_COMMON_BLOCKS = YES;
				GCC_OPTIMIZATION_LEVEL = 0;
				GCC_PREPROCESSOR_DEFINITIONS = (
					"$(inherited)",
					"DEBUG=1",
				);
				GCC_WARN_64_TO_32_BIT_CONVERSION = YES;
				GCC_WARN_ABOUT_RETURN_TYPE = YES_ERROR;
				GCC_WARN_UNDECLARED_SELECTOR = YES;
				GCC_WARN_UNINITIALIZED_AUTOS = YES_AGGRESSIVE;
				GCC_WARN_UNUSED_FUNCTION = YES;
				GCC_WARN_UNUSED_VARIABLE = YES;
				IPHONEOS_DEPLOYMENT_TARGET = 17.0;
				MARKETING_VERSION = 0.1.0;
				MTL_ENABLE_DEBUG_INFO = INCLUDE_SOURCE;
				MTL_FAST_MATH = YES;
				ONLY_ACTIVE_ARCH = YES;
				PRODUCT_NAME = "$(TARGET_NAME)";
				SDKROOT = iphoneos;
				STRING_CATALOG_GENERATE_SYMBOLS = YES;
				SWIFT_ACTIVE_COMPILATION_CONDITIONS = DEBUG;
				SWIFT_OPTIMIZATION_LEVEL = "-Onone";
				SWIFT_VERSION = 5.9;
				TARGETED_DEVICE_FAMILY = "1,2";
			};
			name = Debug;
		};
		5C76476567538930A2757A5B /* Release */ = {
			isa = XCBuildConfiguration;
			buildSettings = {
				ALWAYS_SEARCH_USER_PATHS = NO;
				CLANG_ANALYZER_NONNULL = YES;
				CLANG_ANALYZER_NUMBER_OBJECT_CONVERSION = YES_AGGRESSIVE;
				CLANG_CXX_LANGUAGE_STANDARD = "gnu++14";
				CLANG_CXX_LIBRARY = "libc++";
				CLANG_ENABLE_MODULES = YES;
				CLANG_ENABLE_OBJC_ARC = YES;
				CLANG_ENABLE_OBJC_WEAK = YES;
				CLANG_WARN_BLOCK_CAPTURE_AUTORELEASING = YES;
				CLANG_WARN_BOOL_CONVERSION = YES;
				CLANG_WARN_COMMA = YES;
				CLANG_WARN_CONSTANT_CONVERSION = YES;
				CLANG_WARN_DEPRECATED_OBJC_IMPLEMENTATIONS = YES;
				CLANG_WARN_DIRECT_OBJC_ISA_USAGE = YES_ERROR;
				CLANG_WARN_DOCUMENTATION_COMMENTS = YES;
				CLANG_WARN_EMPTY_BODY = YES;
				CLANG_WARN_ENUM_CONVERSION = YES;
				CLANG_WARN_INFINITE_RECURSION = YES;
				CLANG_WARN_INT_CONVERSION = YES;
				CLANG_WARN_NON_LITERAL_NULL_CONVERSION = YES;
				CLANG_WARN_OBJC_IMPLICIT_RETAIN_SELF = YES;
				CLANG_WARN_OBJC_LITERAL_CONVERSION = YES;
				CLANG_WARN_OBJC_ROOT_CLASS = YES_ERROR;
				CLANG_WARN_QUOTED_INCLUDE_IN_FRAMEWORK_HEADER = YES;
				CLANG_WARN_RANGE_LOOP_ANALYSIS = YES;
				CLANG_WARN_STRICT_PROTOTYPES = YES;
				CLANG_WARN_SUSPICIOUS_MOVE = YES;
				CLANG_WARN_UNGUARDED_AVAILABILITY = YES_AGGRESSIVE;
				CLANG_WARN_UNREACHABLE_CODE = YES;
				CLANG_WARN__DUPLICATE_METHOD_MATCH = YES;
				COPY_PHASE_STRIP = NO;
				CURRENT_PROJECT_VERSION = 1;
				DEBUG_INFORMATION_FORMAT = "dwarf-with-dsym";
				DEVELOPMENT_TEAM = "";
				ENABLE_NS_ASSERTIONS = NO;
				ENABLE_PREVIEWS = YES;
				ENABLE_STRICT_OBJC_MSGSEND = YES;
				ENABLE_USER_SCRIPT_SANDBOXING = YES;
				GCC_C_LANGUAGE_STANDARD = gnu11;
				GCC_NO_COMMON_BLOCKS = YES;
				GCC_WARN_64_TO_32_BIT_CONVERSION = YES;
				GCC_WARN_ABOUT_RETURN_TYPE = YES_ERROR;
				GCC_WARN_UNDECLARED_SELECTOR = YES;
				GCC_WARN_UNINITIALIZED_AUTOS = YES_AGGRESSIVE;
				GCC_WARN_UNUSED_FUNCTION = YES;
				GCC_WARN_UNUSED_VARIABLE = YES;
				IPHONEOS_DEPLOYMENT_TARGET = 17.0;
				MARKETING_VERSION = 0.1.0;
				MTL_ENABLE_DEBUG_INFO = NO;
				MTL_FAST_MATH = YES;
				PRODUCT_NAME = "$(TARGET_NAME)";
				SDKROOT = iphoneos;
				STRING_CATALOG_GENERATE_SYMBOLS = YES;
				SWIFT_COMPILATION_MODE = wholemodule;
				SWIFT_OPTIMIZATION_LEVEL = "-O";
				SWIFT_VERSION = 5.9;
				TARGETED_DEVICE_FAMILY = "1,2";
			};
			name = Release;
		};
		99C5C542DE9DBF15ABEC0811 /* Release */ = {
			isa = XCBuildConfiguration;
			buildSettings = {
				ASSETCATALOG_COMPILER_APPICON_NAME = AppIcon;
				ASSETCATALOG_COMPILER_GLOBAL_ACCENT_COLOR_NAME = AccentColor;
				CODE_SIGN_IDENTITY = "-";
				"CODE_SIGN_IDENTITY[sdk=iphoneos*]" = "Apple Development";
				CODE_SIGN_STYLE = Automatic;
				DEVELOPMENT_TEAM = REDACTED;
				INFOPLIST_FILE = MonoBanker/Info.plist;
				LD_RUNPATH_SEARCH_PATHS = (
					"$(inherited)",
					"@executable_path/Frameworks",
				);
				PRODUCT_BUNDLE_IDENTIFIER = com.monobanker.MonoBanker;
				SDKROOT = iphoneos;
				TARGETED_DEVICE_FAMILY = "1,2";
			};
			name = Release;
		};
		A084DAC82A8F4A36AC595B46 /* Debug */ = {
			isa = XCBuildConfiguration;
			buildSettings = {
				ASSETCATALOG_COMPILER_APPICON_NAME = AppIcon;
				ASSETCATALOG_COMPILER_GLOBAL_ACCENT_COLOR_NAME = AccentColor;
				CODE_SIGN_IDENTITY = "-";
				"CODE_SIGN_IDENTITY[sdk=iphoneos*]" = "Apple Development";
				CODE_SIGN_STYLE = Automatic;
				DEVELOPMENT_TEAM = REDACTED;
				INFOPLIST_FILE = MonoBanker/Info.plist;
				LD_RUNPATH_SEARCH_PATHS = (
					"$(inherited)",
					"@executable_path/Frameworks",
				);
				PRODUCT_BUNDLE_IDENTIFIER = com.monobanker.MonoBanker;
				SDKROOT = iphoneos;
				TARGETED_DEVICE_FAMILY = "1,2";
			};
			name = Debug;
		};
/* End XCBuildConfiguration section */

/* Begin XCConfigurationList section */
		969A073387A8067753669FFD /* Build configuration list for PBXNativeTarget "MonoBanker" */ = {
			isa = XCConfigurationList;
			buildConfigurations = (
				A084DAC82A8F4A36AC595B46 /* Debug */,
				99C5C542DE9DBF15ABEC0811 /* Release */,
			);
			defaultConfigurationIsVisible = 0;
			defaultConfigurationName = Debug;
		};
		D7D4400B2D6F1D7B800924F1 /* Build configuration list for PBXProject "MonoBanker" */ = {
			isa = XCConfigurationList;
			buildConfigurations = (
				071A045951B79507F20ABBF7 /* Debug */,
				5C76476567538930A2757A5B /* Release */,
			);
			defaultConfigurationIsVisible = 0;
			defaultConfigurationName = Debug;
		};
/* End XCConfigurationList section */
	};
	rootObject = C5CB7F65B8FCC02575860EFD /* Project object */;
}
